<?xml version="1.0" encoding="utf-8"?>
<Project ToolsVersion="4.0" xmlns="http://schemas.microsoft.com/developer/msbuild/2003">
  <ItemGroup>
    <Filter Include="源文件">
      <UniqueIdentifier>{4FC737F1-C7A5-4376-A066-2A32D752A2FF}</UniqueIdentifier>
      <Extensions>cpp;c;cc;cxx;c++;cppm;ixx;def;odl;idl;hpj;bat;asm;asmx</Extensions>
    </Filter>
    <Filter Include="头文件">
      <UniqueIdentifier>{93995380-89BD-4b04-88EB-625FBE52EBFB}</UniqueIdentifier>
      <Extensions>h;hh;hpp;hxx;h++;hm;inl;inc;ipp;xsd</Extensions>
    </Filter>
    <Filter Include="资源文件">
      <UniqueIdentifier>{67DA6AB6-F800-4c08-8B7A-83BB121AAD01}</UniqueIdentifier>
      <Extensions>rc;ico;cur;bmp;dlg;rc2;rct;bin;rgs;gif;jpg;jpeg;jpe;resx;tiff;tif;png;wav;mfcribbon-ms</Extensions>
    </Filter>
  </ItemGroup>
  <ItemGroup>
    <ClInclude Include="back_end_frame\header\muyi.h">
      <Filter>头文件</Filter>
    </ClInclude>
    <ClInclude Include="back_end_frame\header\const.h">
      <Filter>头文件</Filter>
    </ClInclude>
    <ClInclude Include="back_end_frame\header\mstring.h">
      <Filter>头文件</Filter>
    </ClInclude>
    <ClInclude Include="back_end_frame\header\error.h">
      <Filter>头文件</Filter>
    </ClInclude>
    <ClInclude Include="back_end_frame\header\network.h">
      <Filter>头文件</Filter>
    </ClInclude>
    <ClInclude Include="back_end_frame\header\util.h">
      <Filter>头文件</Filter>
    </ClInclude>
    <ClInclude Include="back_end_frame\header\json.h">
      <Filter>头文件</Filter>
    </ClInclude>
    <ClInclude Include="back_end_frame\header\thread_pool.h">
      <Filter>头文件</Filter>
    </ClInclude>
    <ClInclude Include="back_end_frame\header\http.h">
      <Filter>头文件</Filter>
    </ClInclude>
    <ClInclude Include="example\router\router.h">
      <Filter>头文件</Filter>
    </ClInclude>
    <ClInclude Include="example\config\config.h">
      <Filter>头文件</Filter>
    </ClInclude>
    <ClInclude Include="example\data\data.h">
      <Filter>头文件</Filter>
    </ClInclude>
    <ClInclude Include="example\data\model.h">
      <Filter>头文件</Filter>
    </ClInclude>
    <ClInclude Include="example\handler\body.h">
      <Filter>头文件</Filter>
    </ClInclude>
    <ClInclude Include="example\handler\handler.h">
      <Filter>头文件</Filter>
    </ClInclude>
    <ClInclude Include="example\internal\internal.h">
      <Filter>头文件</Filter>
    </ClInclude>
    <ClInclude Include="example\data\const.h">
      <Filter>头文件</Filter>
    </ClInclude>
    <ClInclude Include="example\handler\const.h">
      <Filter>头文件</Filter>
    </ClInclude>
    <ClInclude Include="example\internal\const.h">
      <Filter>头文件</Filter>
    </ClInclude>
    <ClInclude Include="example\internal\body.h">
      <Filter>头文件</Filter>
    </ClInclude>
    <ClInclude Include="example\tool\tool.h">
      <Filter>头文件</Filter>
    </ClInclude>
  </ItemGroup>
  <ItemGroup>
    <ClCompile Include="back_end_frame\source\muyi.cpp">
      <Filter>源文件</Filter>
    </ClCompile>
    <ClCompile Include="back_end_frame\source\error.cpp">
      <Filter>源文件</Filter>
    </ClCompile>
    <ClCompile Include="back_end_frame\source\mstring.cpp">
      <Filter>源文件</Filter>
    </ClCompile>
    <ClCompile Include="example\main.cpp">
      <Filter>源文件</Filter>
    </ClCompile>
    <ClCompile Include="back_end_frame\source\network.cpp">
      <Filter>源文件</Filter>
    </ClCompile>
    <ClCompile Include="back_end_frame\source\util.cpp">
      <Filter>源文件</Filter>
    </ClCompile>
    <ClCompile Include="back_end_frame\source\json.cpp">
      <Filter>源文件</Filter>
    </ClCompile>
    <ClCompile Include="back_end_frame\source\thread_pool.cpp">
      <Filter>源文件</Filter>
    </ClCompile>
    <ClCompile Include="back_end_frame\source\http.cpp">
      <Filter>源文件</Filter>
    </ClCompile>
    <ClCompile Include="example\router\router.cpp">
      <Filter>源文件</Filter>
    </ClCompile>
    <ClCompile Include="example\data\data.cpp">
      <Filter>源文件</Filter>
    </ClCompile>
    <ClCompile Include="example\handler\handler.cpp">
      <Filter>源文件</Filter>
    </ClCompile>
    <ClCompile Include="example\internal\internal.cpp">
      <Filter>源文件</Filter>
    </ClCompile>
    <ClCompile Include="example\tool\tool.cpp">
      <Filter>源文件</Filter>
    </ClCompile>
  </ItemGroup>
  <ItemGroup>
    <Text Include="example\data\_.txt" />
    <Text Include="example\handler\_.txt" />
    <Text Include="example\router\_.txt" />
    <Text Include="example\view\html\_.txt" />
    <Text Include="example\view\js\_.txt" />
  </ItemGroup>
  <ItemGroup>
    <None Include="example\config\table.sql" />
    <None Include="example\view\pages\t_exam_test.html" />
    <None Include="example\view\js\t_exam_test.js" />
    <None Include="example\view\pages\t_exam_list.html" />
    <None Include="example\view\css\global.css" />
    <None Include="example\view\css\global.css.map" />
    <None Include="example\view\css\login.css" />
    <None Include="example\view\css\login.css.map" />
    <None Include="example\view\css\rank.css" />
    <None Include="example\view\css\rank.css.map" />
    <None Include="example\view\css\register.css" />
    <None Include="example\view\css\register.css.map" />
    <None Include="example\view\css\t_choose_exam.css" />
    <None Include="example\view\css\t_exam_add.css" />
    <None Include="example\view\css\t_choose_exam.css.map" />
    <None Include="example\view\css\t_exam_add.css.map" />
    <None Include="example\view\css\t_exam_list.css" />
    <None Include="example\view\css\t_exam_list.css.map" />
    <None Include="example\view\css\t_exam_probe.css" />
    <None Include="example\view\css\t_exam_probe.css.map" />
    <None Include="example\view\css\t_question_add.css" />
    <None Include="example\view\css\t_question_add.css.map" />
    <None Include="example\view\css\t_question_detailed.css" />
    <None Include="example\view\css\t_question_detailed.css.map" />
    <None Include="example\view\css\t_question_list.css" />
    <None Include="example\view\css\t_question_list.css.map" />
    <None Include="example\view\font\demo.css" />
    <None Include="example\view\font\demo_index.html" />
    <None Include="example\view\font\iconfont.css" />
    <None Include="example\view\font\iconfont.json" />
    <None Include="example\view\font\iconfont.js" />
    <None Include="example\view\font\iconfont.woff" />
    <None Include="example\view\font\iconfont.woff2" />
    <None Include="example\view\js\jquery-3.1.1.min.js" />
    <None Include="example\view\js\login.js" />
    <None Include="example\view\js\rank.js" />
    <None Include="example\view\js\register.js" />
    <None Include="example\view\js\t_choose_exam.js" />
    <None Include="example\view\js\t_exam_add.js" />
    <None Include="example\view\js\t_exam_list.js" />
    <None Include="example\view\js\t_exam_probe.js" />
    <None Include="example\view\js\t_question_add.js" />
    <None Include="example\view\js\t_question_list.js" />
    <None Include="example\view\pages\login.html" />
    <None Include="example\view\pages\rank.html" />
    <None Include="example\view\pages\t_choose_exam.html" />
    <None Include="example\view\pages\register.html" />
    <None Include="example\view\pages\t_exam_add.html" />
    <None Include="example\view\pages\t_exam_probe.html" />
    <None Include="example\view\pages\t_question_add.html" />
    <None Include="example\view\pages\t_question_detailed.html" />
    <None Include="example\view\pages\t_question_list.html" />
    <None Include="example\view\sass\global.scss" />
    <None Include="example\view\sass\login.scss" />
    <None Include="example\view\sass\rank.scss" />
    <None Include="example\view\sass\register.scss" />
    <None Include="example\view\sass\t_choose_exam.scss" />
    <None Include="example\view\sass\t_exam_add.scss" />
    <None Include="example\view\sass\t_exam_list.scss" />
    <None Include="example\view\sass\t_exam_probe.scss" />
    <None Include="example\view\sass\t_question_add.scss" />
    <None Include="example\view\sass\t_question_detailed.scss" />
    <None Include="example\view\sass\t_question_list.scss" />
  </ItemGroup>
  <ItemGroup>
    <Font Include="example\view\font\iconfont.ttf" />
  </ItemGroup>
  <ItemGroup>
    <Image Include="example\view\images\icon.jpg">
      <Filter>资源文件</Filter>
    </Image>
  </ItemGroup>
</Project>